
Microsoft Visual Studio Solution File, Format Version 12.00
# Visual Studio Version 17
VisualStudioVersion = 17.8.34330.188
MinimumVisualStudioVersion = 10.0.40219.1
Project("{2150E333-8FDC-42A3-9474-1A3956D46DE8}") = "[Solution Items]", "[Solution Items]", "{0D6BF59C-54FD-425E-8C50-3C7A98AF4DEC}"
	ProjectSection(SolutionItems) = preProject
		.editorconfig = .editorconfig
		.gitattributes = .gitattributes
		.gitignore = .gitignore
		global.json = global.json
		LICENSE = LICENSE
		NuGet.config = NuGet.config
	EndProjectSection
EndProject
Project("{9A19103F-16F7-4668-BE54-9A1E7A4F7556}") = "SemanticKernelDemo", "src\SemanticKernelDemo\SemanticKernelDemo.csproj", "{EC1A7233-D7C9-4183-B971-7D6BCEF4F77F}"
EndProject
Global
	GlobalSection(SolutionConfigurationPlatforms) = preSolution
		Debug|Any CPU = Debug|Any CPU
		Release|Any CPU = Release|Any CPU
	EndGlobalSection
	GlobalSection(ProjectConfigurationPlatforms) = postSolution
		{EC1A7233-D7C9-4183-B971-7D6BCEF4F77F}.Debug|Any CPU.ActiveCfg = Debug|Any CPU
		{EC1A7233-D7C9-4183-B971-7D6BCEF4F77F}.Debug|Any CPU.Build.0 = Debug|Any CPU
		{EC1A7233-D7C9-4183-B971-7D6BCEF4F77F}.Release|Any CPU.ActiveCfg = Release|Any CPU
		{EC1A7233-D7C9-4183-B971-7D6BCEF4F77F}.Release|Any CPU.Build.0 = Release|Any CPU
	EndGlobalSection
	GlobalSection(SolutionProperties) = preSolution
		HideSolutionNode = FALSE
	EndGlobalSection
	GlobalSection(ExtensibilityGlobals) = postSolution
		SolutionGuid = {F8897555-A389-449A-B658-595DC2C6B6D7}
	EndGlobalSection
EndGlobal
